{
  "version": "5",
  "remote": {
    "https://deno.land/std@0.134.0/fmt/colors.ts": "30455035d6d728394781c10755351742dd731e3db6771b1843f9b9e490104d37",
    "https://deno.land/std@0.134.0/testing/_diff.ts": "9d849cd6877694152e01775b2d93f9d6b7aef7e24bfe3bfafc4d7a1ac8e9f392",
    "https://deno.land/std@0.134.0/testing/asserts.ts": "b0ef969032882b1f7eb1c7571e313214baa1485f7b61cf35807b2434e254365c",
    "https://deno.land/std@0.151.0/_util/assert.ts": "e94f2eb37cebd7f199952e242c77654e43333c1ac4c5c700e929ea3aa5489f74",
    "https://deno.land/std@0.151.0/_util/os.ts": "3b4c6e27febd119d36a416d7a97bd3b0251b77c88942c8f16ee5953ea13e2e49",
    "https://deno.land/std@0.151.0/path/_constants.ts": "df1db3ffa6dd6d1252cc9617e5d72165cd2483df90e93833e13580687b6083c3",
    "https://deno.land/std@0.151.0/path/_interface.ts": "ee3b431a336b80cf445441109d089b70d87d5e248f4f90ff906820889ecf8d09",
    "https://deno.land/std@0.151.0/path/_util.ts": "c1e9686d0164e29f7d880b2158971d805b6e0efc3110d0b3e24e4b8af2190d2b",
    "https://deno.land/std@0.151.0/path/common.ts": "bee563630abd2d97f99d83c96c2fa0cca7cee103e8cb4e7699ec4d5db7bd2633",
    "https://deno.land/std@0.151.0/path/glob.ts": "cb5255638de1048973c3e69e420c77dc04f75755524cb3b2e160fe9277d939ee",
    "https://deno.land/std@0.151.0/path/mod.ts": "4945b430b759b0b3d98f2a278542cbcf95e0ad2bd8eaaed3c67322b306b2b346",
    "https://deno.land/std@0.151.0/path/posix.ts": "c1f7afe274290ea0b51da07ee205653b2964bd74909a82deb07b69a6cc383aaa",
    "https://deno.land/std@0.151.0/path/separator.ts": "fe1816cb765a8068afb3e8f13ad272351c85cbc739af56dacfc7d93d710fe0f9",
    "https://deno.land/std@0.151.0/path/win32.ts": "bd7549042e37879c68ff2f8576a25950abbfca1d696d41d82c7bca0b7e6f452c",
    "https://deno.land/x/html_rewriter@v0.1.0-pre.17/index.ts": "4e287b8929fbe8dba02de604f9d01b07323c81d1c62fef4094ccd10452493b11",
    "https://deno.land/x/html_rewriter@v0.1.0-pre.17/vendor/asyncify.js": "a70e36d0143de2de2e813917d740259ee71bcf1df75ceeaac0c1bc0ef7cc9a29",
    "https://deno.land/x/html_rewriter@v0.1.0-pre.17/vendor/html_rewriter.js": "00d95be2544925661bcf0c62afc07dcba610c1c6f157d11a9eb3709da7005ef7",
    "https://esm.sh/v91/next@12.2.5/deno/dist/compiled/cookie.js": "e9192b4c8244a5a39e022e4d5cc8608de514dbffb85f98f4e2daceac3e99d67c",
    "https://esm.sh/v91/next@12.2.5/deno/dist/server/web/spec-extension/request.js": "5a6e1d718964dd6f4f9258a00066b2da791d31ee255c76867fb9b0c8abd93827",
    "https://esm.sh/v91/next@12.2.5/deno/dist/server/web/spec-extension/response.js": "51365495f72d3dca5ed95cc69042a5abaffd572d9cbfb8b49435dec6c4b32665"
  },
  "workspace": {
    "packageJson": {
      "dependencies": [
        "npm:@netlify/plugin-nextjs@^4.38.1",
        "npm:lazysizes@^5.3.0",
        "npm:next@12.2.0",
        "npm:node-fetch@^2.6.1",
        "npm:precinct@8",
        "npm:react-dom@18.2.0",
        "npm:react-query@^3.9.3",
        "npm:react@18.2.0",
        "npm:resetti@^1.1.3"
      ]
    }
  }
}
