# THIS IS AN AUTOGENERATED FILE. DO NOT EDIT THIS FILE DIRECTLY.
# yarn lockfile v1


"@emnapi/runtime@^1.11.1":
  version "1.11.3"
  resolved "https://registry.yarnpkg.com/@emnapi/runtime/-/runtime-1.11.3.tgz#84257ae3b0531eb2aec1ffa23d70700da007ba95"
  integrity sha512-Xz4Tpyki7XyrpbUK1jR1AhdAdaXyhhY4lZ3neLodmhpuWfy2PAQN5B46sAiU4liOXGLkHypn/qU+jvfWSCYYLA==
  dependencies:
    tslib "^2.4.0"

"@img/colour@^1.1.0":
  version "1.1.0"
  resolved "https://registry.yarnpkg.com/@img/colour/-/colour-1.1.0.tgz#b0c2c2fa661adf75effd6b4964497cd80010bb9d"
  integrity sha512-Td76q7j57o/tLVdgS746cYARfSyxk8iEfRxewL9h4OMzYhbW4TAcppl0mT4eyqXddh6L/jwoM75mo7ixa/pCeQ==

"@img/sharp-darwin-arm64@0.35.3":
  version "0.35.3"
  resolved "https://registry.yarnpkg.com/@img/sharp-darwin-arm64/-/sharp-darwin-arm64-0.35.3.tgz#8b2740884bc58b127fc3020479a01294fa1095cb"
  integrity sha512-RMnFX7YQsMoh7lWfcM4NEHHymBX/rLuKNPVM84XE9ONPcaSCDgE7CHIHpSgPcO2xcRthgBy1HfNO319mwhIAkg==
  optionalDependencies:
    "@img/sharp-libvips-darwin-arm64" "1.3.2"

"@img/sharp-darwin-x64@0.35.3":
  version "0.35.3"
  resolved "https://registry.yarnpkg.com/@img/sharp-darwin-x64/-/sharp-darwin-x64-0.35.3.tgz#92df91320faf57cc54b331185770d5a93d510049"
  integrity sha512-Xo+5uFBtLN0BKqieTxiFzFPQAUlBbbH5iBKyRX/z1JrbnYsHTfKJnUfL8+p2TPXr1pXqao4eeL4Rl144uDpK9w==
  optionalDependencies:
    "@img/sharp-libvips-darwin-x64" "1.3.2"

"@img/sharp-freebsd-wasm32@0.35.3":
  version "0.35.3"
  resolved "https://registry.yarnpkg.com/@img/sharp-freebsd-wasm32/-/sharp-freebsd-wasm32-0.35.3.tgz#48018c1379a8f507d681d6cd8dbe43d9795dc809"
  integrity sha512-lUxcqWIj2wMQ9BrwNjngcr1gWUr5xgaGThBRqPPalIC2n67Cqj1uPh8NnA/ZhAg8hUbKl+kVHKwgUIwe6ZYPrg==
  dependencies:
    "@img/sharp-wasm32" "0.35.3"

"@img/sharp-libvips-darwin-arm64@1.3.2":
  version "1.3.2"
  resolved "https://registry.yarnpkg.com/@img/sharp-libvips-darwin-arm64/-/sharp-libvips-darwin-arm64-1.3.2.tgz#227b41ffc6c99612bceaba56f994a1933d779573"
  integrity sha512-9J6ypZFpQBj4YnePGoq/S38w6nz+vqg5WZLrLGY4YuSemdMq47GMLBPO42MzwdGwpg/agZ7xzZcFHa48xlywfg==

"@img/sharp-libvips-darwin-x64@1.3.2":
  version "1.3.2"
  resolved "https://registry.yarnpkg.com/@img/sharp-libvips-darwin-x64/-/sharp-libvips-darwin-x64-1.3.2.tgz#694903ec410c00945ce5b0c26dac83d7184c8b86"
  integrity sha512-m2pW1n6cns9VaubNwsZ+c3CRYjxNQWgJ5gPlnL1nbBcpkBvFm6SCFN5o0psFHI8w9n11NKhFkeEDns98tiqbEw==

"@img/sharp-libvips-linux-arm64@1.3.2":
  version "1.3.2"
  resolved "https://registry.yarnpkg.com/@img/sharp-libvips-linux-arm64/-/sharp-libvips-linux-arm64-1.3.2.tgz#49ddf156728666a21deed0716f3bb72bb351179e"
  integrity sha512-dqVSFynCox4C/J8kT16V7SIFAns0IjgLwkvYT7p8LQVmJ5OS5b6tI9IGflxTeuBS//zXeFIUbwt5dwxyZ17cnA==

"@img/sharp-libvips-linux-arm@1.3.2":
  version "1.3.2"
  resolved "https://registry.yarnpkg.com/@img/sharp-libvips-linux-arm/-/sharp-libvips-linux-arm-1.3.2.tgz#e60e088c806bde1ac28be648b60c3465f41c18a7"
  integrity sha512-1eMLzy92I4J6rmi4mAT8yC3HxOtniyGELlzGbNMLLeqe052ahFQ0h6LFq+lh5DsDIdYViIDst08abvSbcEdLXQ==

"@img/sharp-libvips-linux-ppc64@1.3.2":
  version "1.3.2"
  resolved "https://registry.yarnpkg.com/@img/sharp-libvips-linux-ppc64/-/sharp-libvips-linux-ppc64-1.3.2.tgz#be3161aafd659417b3e26374dfbbcd2da2bfb62c"
  integrity sha512-3z0NHDxD6n5I9gc05U1eW1AyRm+Gznzq3naMrthPNqE6oYykcogW0l/jfpJdjYnuNl8R7yI9pNbE1XiUeyq0Aw==

"@img/sharp-libvips-linux-riscv64@1.3.2":
  version "1.3.2"
  resolved "https://registry.yarnpkg.com/@img/sharp-libvips-linux-riscv64/-/sharp-libvips-linux-riscv64-1.3.2.tgz#bf008a6779d9be2b56a4df67b753941f767c957d"
  integrity sha512-bsb4rI+NldGOsXuej2r8OdSS8+zXDVaCWxyWrcv6kneTOlgAHtZABRzBBCwdsPiD90J4myNJuHpg6kA20ImW/w==

"@img/sharp-libvips-linux-s390x@1.3.2":
  version "1.3.2"
  resolved "https://registry.yarnpkg.com/@img/sharp-libvips-linux-s390x/-/sharp-libvips-linux-s390x-1.3.2.tgz#9583814b8db58889c85bad9e5e0b7825257ff394"
  integrity sha512-/ABshyj8gCpyIrNXnHn4LorDJ0HHm1VhXPBlxZ8zAtfVPAaSafXPGn+sUSIRiwaSBy0mmFjSjiXI5mkcwdChKQ==

"@img/sharp-libvips-linux-x64@1.3.2":
  version "1.3.2"
  resolved "https://registry.yarnpkg.com/@img/sharp-libvips-linux-x64/-/sharp-libvips-linux-x64-1.3.2.tgz#abc9a3114495b705ba20b7c1568b9eecd62aebbb"
  integrity sha512-ITPEtgffGJ0S6G9dRyw/366tJQqFRcHWPHhC+Stpg3Z8AEMrDrTr2lhdz4f/Y/HMbRh//7Z5mBzEpVdi62Oc3w==

"@img/sharp-libvips-linuxmusl-arm64@1.3.2":
  version "1.3.2"
  resolved "https://registry.yarnpkg.com/@img/sharp-libvips-linuxmusl-arm64/-/sharp-libvips-linuxmusl-arm64-1.3.2.tgz#e58fb14a7879f15d9e70a982870f384f39a832a2"
  integrity sha512-zE9EdiUzUmg5mDT5a1rk5fYJ6GWPloTwWBYDS14naqHsL+EaMpDj1AWnpLgh3u0YCORv2Tt50wrcrpYqkP97Kw==

"@img/sharp-libvips-linuxmusl-x64@1.3.2":
  version "1.3.2"
  resolved "https://registry.yarnpkg.com/@img/sharp-libvips-linuxmusl-x64/-/sharp-libvips-linuxmusl-x64-1.3.2.tgz#5611480fcb7465dd5316044db53ad7a843ed4af8"
  integrity sha512-m0lrLiUt+lBYnCFr8qV/65yMR4E/c7/wf78I5eKTdkEakFAlZ9QlzEM3QIhhAwVeUhLAHLcCq7a7Vszq/oFNZQ==

"@img/sharp-linux-arm64@0.35.3":
  version "0.35.3"
  resolved "https://registry.yarnpkg.com/@img/sharp-linux-arm64/-/sharp-linux-arm64-0.35.3.tgz#44b65823ecc977d4585b308070fff3947256de04"
  integrity sha512-QgKDspHPnrU+GQ55XPhGwyhC8acLVOOSyAvo1oVfFmrIXLkDNmGWzAfDZ4xK8oSA1qBQrALcHX0G5UZni/SuFQ==
  optionalDependencies:
    "@img/sharp-libvips-linux-arm64" "1.3.2"

"@img/sharp-linux-arm@0.35.3":
  version "0.35.3"
  resolved "https://registry.yarnpkg.com/@img/sharp-linux-arm/-/sharp-linux-arm-0.35.3.tgz#c8da500c4016893a89d46e9832d08a06eef77f27"
  integrity sha512-affVWCTLooy8TSxbDx2qkzuDeaWLNVBA+P//FNBirHsXpP2fuBhk5AuboYUnrDnzoXes8GFjpTx0SBFOCRg+FA==
  optionalDependencies:
    "@img/sharp-libvips-linux-arm" "1.3.2"

"@img/sharp-linux-ppc64@0.35.3":
  version "0.35.3"
  resolved "https://registry.yarnpkg.com/@img/sharp-linux-ppc64/-/sharp-linux-ppc64-0.35.3.tgz#ea1d7db818f52af1e1e057e82d55f23b2de3864c"
  integrity sha512-sMd8rDxmpLOwv/7N44klFjOD5DUO7FLdjiXDI0hoxYaf7Ar262dQIEkosE98bps+5HPLtp/EvNqeqQtOycP/IA==
  optionalDependencies:
    "@img/sharp-libvips-linux-ppc64" "1.3.2"

"@img/sharp-linux-riscv64@0.35.3":
  version "0.35.3"
  resolved "https://registry.yarnpkg.com/@img/sharp-linux-riscv64/-/sharp-linux-riscv64-0.35.3.tgz#722bd7994658791b02d1037ea09ca5cb78030d8d"
  integrity sha512-0Eob78yjlYPfL5vMNWAW55l3R9Y6BQS/gOfe0ZcP9mEz9ohhKSt4im1hayiknXgf8AWrFqMvJcKIdmLmEe7yeQ==
  optionalDependencies:
    "@img/sharp-libvips-linux-riscv64" "1.3.2"

"@img/sharp-linux-s390x@0.35.3":
  version "0.35.3"
  resolved "https://registry.yarnpkg.com/@img/sharp-linux-s390x/-/sharp-linux-s390x-0.35.3.tgz#e8294817d7da495541a4a870f56e6b5d0f8643cd"
  integrity sha512-KgAxQ0DxpNOq1rG2t5cgTgShJFGSuU7XO45cqC+1NVOuZnP6tlgZRuSYOfNupGkHID0o3cJOsw4DVeJpMovcGw==
  optionalDependencies:
    "@img/sharp-libvips-linux-s390x" "1.3.2"

"@img/sharp-linux-x64@0.35.3":
  version "0.35.3"
  resolved "https://registry.yarnpkg.com/@img/sharp-linux-x64/-/sharp-linux-x64-0.35.3.tgz#9843c32f39aeac4b60dd60f9e3416520a4e4de46"
  integrity sha512-8pqvxubL2PGdhlPy6GLqzDYMUjyRmKAwKHYKixpdJYBUK7PJ0C029XdsnpFIdgRZG68fZiGdHVWcKPvtiPB4cA==
  optionalDependencies:
    "@img/sharp-libvips-linux-x64" "1.3.2"

"@img/sharp-linuxmusl-arm64@0.35.3":
  version "0.35.3"
  resolved "https://registry.yarnpkg.com/@img/sharp-linuxmusl-arm64/-/sharp-linuxmusl-arm64-0.35.3.tgz#9cfee4ecc3d41ab9a274e019dfe7b4062840510c"
  integrity sha512-Vz0iQjzzcSX3HCbfwFfCSG/9SCIqyO0mH2sXyiHaAYfBk0cRsCWXRyQYX0ovCK/PAQBbTzQ0dsPQHh5MAFL59w==
  optionalDependencies:
    "@img/sharp-libvips-linuxmusl-arm64" "1.3.2"

"@img/sharp-linuxmusl-x64@0.35.3":
  version "0.35.3"
  resolved "https://registry.yarnpkg.com/@img/sharp-linuxmusl-x64/-/sharp-linuxmusl-x64-0.35.3.tgz#204d0678c8c3b15300d9a26ecb9c0dcda11ca5de"
  integrity sha512-6O1NPKcDVj9QEdg7Hx549EX8U0rp6yXQERqru6yRN7fGBn32UvIRJUlWnk+8xDCiG76hXVBbX82NZ/ZKr0euIg==
  optionalDependencies:
    "@img/sharp-libvips-linuxmusl-x64" "1.3.2"

"@img/sharp-wasm32@0.35.3":
  version "0.35.3"
  resolved "https://registry.yarnpkg.com/@img/sharp-wasm32/-/sharp-wasm32-0.35.3.tgz#42f8979bdbe1a541a2e9b99d3b5be07e6b71c7c0"
  integrity sha512-cZ0XkcYGpHZkqW6iCkqTcmUC0CD9DhD5d/qeZlZkfRBn6GnHniZXLUo5+9xw8Iv76YE6LQFN9YNBlKREcCG76w==
  dependencies:
    "@emnapi/runtime" "^1.11.1"

"@img/sharp-webcontainers-wasm32@0.35.3":
  version "0.35.3"
  resolved "https://registry.yarnpkg.com/@img/sharp-webcontainers-wasm32/-/sharp-webcontainers-wasm32-0.35.3.tgz#823aaa93d14db84999d5b5dc967ff56cf1966d9f"
  integrity sha512-2rnq7bX3NzeR2T4YWgz8qiG4h3TSdMe+vN1iQXpJleSJ3SM5zQ8Fy2SyyXAWlbxpEZ2Y+Z4u1BePgJEYbSy80Q==
  dependencies:
    "@img/sharp-wasm32" "0.35.3"

"@img/sharp-win32-arm64@0.35.3":
  version "0.35.3"
  resolved "https://registry.yarnpkg.com/@img/sharp-win32-arm64/-/sharp-win32-arm64-0.35.3.tgz#f3554d45cbe24532a0adea736ec57658f74a2911"
  integrity sha512-4bPwFdMbeC4JQ8L8LOyWp6nsHcboP5fxkp6iPOXz2Vg49R42TuMs2whkJ5OAP4/Ul035qOzy0AecOF9VOscn4w==

"@img/sharp-win32-ia32@0.35.3":
  version "0.35.3"
  resolved "https://registry.yarnpkg.com/@img/sharp-win32-ia32/-/sharp-win32-ia32-0.35.3.tgz#0942b2643bcb57e48419fe4119de84078ae0ac74"
  integrity sha512-r53mXsBN6lFUDiST764SvgwUdHAqM4rPAiDzAmf4fLoB6X/rkfyTrLCg6+g17wJJiCmB3JYgHuUldCWUIRFSXw==

"@img/sharp-win32-x64@0.35.3":
  version "0.35.3"
  resolved "https://registry.yarnpkg.com/@img/sharp-win32-x64/-/sharp-win32-x64-0.35.3.tgz#8a25cacdc75a8c26077c07fba51e8056aae474f1"
  integrity sha512-D4y1vNeZrIIJCN+uHaWVtH86B+aCrdMYYjicy9pXHvbGZeGYLLSd3wdVuC37FxVXlU1ARsk84eKWfWMXGYEqvA==

"@netlify/plugin-nextjs@^5.15.13":
  version "5.15.13"
  resolved "https://registry.yarnpkg.com/@netlify/plugin-nextjs/-/plugin-nextjs-5.15.13.tgz#1e439fa3d20eb7db2cd6f66110934ae34706647a"
  integrity sha512-gBmWtgG13ZW4ytNMCvacfwZemtdtV/Ekc+6RBYvI5fndjmDvKxgFHylsw7oli+PHMGAtNqaJrN8QccGnDReu6A==

"@next/env@16.3.0":
  version "16.3.0"
  resolved "https://registry.yarnpkg.com/@next/env/-/env-16.3.0.tgz#9a109a0e1367044e082edf0ca265231768314dc7"
  integrity sha512-o9r1S0BNiNreHP9Vs+Qnqd9kviDkJh8xIACY7UFZSmiGbbQRzPBBosvHzAU4TULHOIuOj/18RSsyz2qrREmIFw==

"@next/swc-darwin-arm64@16.3.0":
  version "16.3.0"
  resolved "https://registry.yarnpkg.com/@next/swc-darwin-arm64/-/swc-darwin-arm64-16.3.0.tgz#d4f492a29837745e945e306d49d4c1c9181353df"
  integrity sha512-55hpqq18bEVAlxedlTt3tFqZmKg2nUXT1kn1G/BGEy0R13h3LwtwHPVzzjG6P4LLeOHE32PFDQUVaJEWvBEZBw==

"@next/swc-darwin-x64@16.3.0":
  version "16.3.0"
  resolved "https://registry.yarnpkg.com/@next/swc-darwin-x64/-/swc-darwin-x64-16.3.0.tgz#98534e7cff6b8b5f7bc941fdee72926b00cd68ee"
  integrity sha512-SOi96kSaF5T+0wW4koiM1bWzSPwjzTesC1p3df+FjdOi5LIQkBK/blxh7HdoKnNuI4PURF1OO7TZqtfnbWDSgw==

"@next/swc-linux-arm64-gnu@16.3.0":
  version "16.3.0"
  resolved "https://registry.yarnpkg.com/@next/swc-linux-arm64-gnu/-/swc-linux-arm64-gnu-16.3.0.tgz#aa84de7859471415fcfd36e03d01667137e6d9a6"
  integrity sha512-P0gZAoPMF4dyTRzhmkV4PrqVzSOB6t4mC1oI3c4dqijJ+OVEVx5clIXAKR4/uQpsqw2KKM/0D5tVumcR2r5blg==

"@next/swc-linux-arm64-musl@16.3.0":
  version "16.3.0"
  resolved "https://registry.yarnpkg.com/@next/swc-linux-arm64-musl/-/swc-linux-arm64-musl-16.3.0.tgz#3c7211003c6ac82d06ae6944388132c8811425c7"
  integrity sha512-tXXGKJw0m37O0eKJARVTX/TheKPhz0QFVtVVZXmOig+9YKLQOSP6hvf2pxv5DO7CLEJyTHx3Pg043CDQkv1G4Q==

"@next/swc-linux-x64-gnu@16.3.0":
  version "16.3.0"
  resolved "https://registry.yarnpkg.com/@next/swc-linux-x64-gnu/-/swc-linux-x64-gnu-16.3.0.tgz#e4412d917512729b1faf5c5e31f0ad53a38e2c6a"
  integrity sha512-pjGxK5EY7yWml78ALejFkWmgHsU7wbFQrISiugpH6FbUJhgEvw3xFZ/EBAtLl7QtL0WdQKiG9eWJ3mOKGTukHw==

"@next/swc-linux-x64-musl@16.3.0":
  version "16.3.0"
  resolved "https://registry.yarnpkg.com/@next/swc-linux-x64-musl/-/swc-linux-x64-musl-16.3.0.tgz#e91531118ad14df129cbf00df7c4ca4a29152e7b"
  integrity sha512-sjo++Xx+lomlPs3HRsHWhVDyGG6ms1kGW5EtHLERdII8AyG1i+f6aq68xHREO6AEMlhjTNEWBSmfJfqm9orf7g==

"@next/swc-win32-arm64-msvc@16.3.0":
  version "16.3.0"
  resolved "https://registry.yarnpkg.com/@next/swc-win32-arm64-msvc/-/swc-win32-arm64-msvc-16.3.0.tgz#b9b1307c21886e8ab99c3064c1417b279132ad49"
  integrity sha512-C5JSgiO54wURdaxdEUIXqkz04uMqC9UmPX1gtDrV/5Tf1UowdWYI8uA5hfFbPolTlp0q4KZ60xlHePNibf0VIw==

"@next/swc-win32-x64-msvc@16.3.0":
  version "16.3.0"
  resolved "https://registry.yarnpkg.com/@next/swc-win32-x64-msvc/-/swc-win32-x64-msvc-16.3.0.tgz#2045249907f2b9da5cabb7da69b75556c82f4671"
  integrity sha512-fDOggsweNb5SSw0ZKVk6U+gxSyGFFlIBY/LBc1r8GUj4u/6t6oArL+Pmkg0MBnsgR+KkdsURilVH4F3GXUGepA==

"@swc/helpers@0.5.15":
  version "0.5.15"
  resolved "https://registry.yarnpkg.com/@swc/helpers/-/helpers-0.5.15.tgz#79efab344c5819ecf83a43f3f9f811fc84b516d7"
  integrity sha512-JQ5TuMi45Owi4/BIMAJBoSQoOJu12oOk/gADqlcUL9JEdHB8vyjUSsxqeNXnmXHjYKMi2WcYtezGEEhqUI/E2g==
  dependencies:
    tslib "^2.8.0"

"@tanstack/query-core@5.101.4":
  version "5.101.4"
  resolved "https://registry.yarnpkg.com/@tanstack/query-core/-/query-core-5.101.4.tgz#c01b4289b3094144d8ef96235aa506242cf83efa"
  integrity sha512-gNwcvOJcRbLWPOLG/2OBm+zM+Yv+MKsXKEOWC57USuZDEsI71hEErQsiEGx5wX9rzWWkfwM0fVSPoiIFSsxfiw==

"@tanstack/react-query@^5.101.4":
  version "5.101.4"
  resolved "https://registry.yarnpkg.com/@tanstack/react-query/-/react-query-5.101.4.tgz#044137754d79aaa30a82f6e6c42488be79c86ea7"
  integrity sha512-yRg2pfOCxIs4ZJW3XYYHU/WgtD04FHSnfHlpRT7h7pR77hwkdRG4wxbKe4aq6P0RvXUTBSQpQeadS1SUYUe+KA==
  dependencies:
    "@tanstack/query-core" "5.101.4"

baseline-browser-mapping@^2.9.19:
  version "2.11.13"
  resolved "https://registry.yarnpkg.com/baseline-browser-mapping/-/baseline-browser-mapping-2.11.13.tgz#660073103c1bee93e54df55f117b7528adf6af19"
  integrity sha512-k9HNuUVMlqVjQ9UHzfPjIqiDbWw7WqT1AoT7GL8VwvF3r0ZfArtgiSPAlmupyNquNgOJHTuH4CKYf8ttMTWBTQ==

caniuse-lite@^1.0.30001579:
  version "1.0.30001809"
  resolved "https://registry.yarnpkg.com/caniuse-lite/-/caniuse-lite-1.0.30001809.tgz#e6cf71f14ddfe008f114dd2a846923be3c03a07b"
  integrity sha512-xxWVywk6a6Arlk+hymeycyn/VgqEfLDxupvhH/xiY5SJ/18kmi9o6MiO320DCUzypORHLtvh0I4i04tUhCNHNQ==

client-only@0.0.1:
  version "0.0.1"
  resolved "https://registry.yarnpkg.com/client-only/-/client-only-0.0.1.tgz#38bba5d403c41ab150bff64a95c85013cf73bca1"
  integrity sha512-IV3Ou0jSMzZrd3pZ48nLkT9DA7Ag1pnPzaiQhpW7c3RbcqqzvzzVu+L8gfqMp/8IM2MQtSiqaCxrrcfu8I8rMA==

detect-libc@^2.1.2:
  version "2.1.2"
  resolved "https://registry.yarnpkg.com/detect-libc/-/detect-libc-2.1.2.tgz#689c5dcdc1900ef5583a4cb9f6d7b473742074ad"
  integrity sha512-Btj2BOOO83o3WyH59e8MgXsxEQVcarkUOpEYrubB0urwnN10yQ364rsiByU11nZlqWYZm05i/of7io4mzihBtQ==

nanoid@^3.3.16:
  version "3.3.18"
  resolved "https://registry.yarnpkg.com/nanoid/-/nanoid-3.3.18.tgz#f66a2de1199ffde0fcf21c8a5f13106b1c081913"
  integrity sha512-DTg4MJbGMWkfi6VZFdNt2/caMbQy4Ou+Op/hJQvGEWcnVfoA1QA+xzRKAzw9jD6+GVOOeYr/mIcuDSdug6F6+w==

next@^16.3.0:
  version "16.3.0"
  resolved "https://registry.yarnpkg.com/next/-/next-16.3.0.tgz#03ed9eaf21bac38ceab5aa6f3b03f0fff587b42b"
  integrity sha512-NEdGOzH+08eTXMUp9UYkA99Nhi5N6Thrhc1jgFOQgfgnGK/dA2hRwBpXep+exdFQrnwlRf/3Wixyp8lLBUpE2A==
  dependencies:
    "@next/env" "16.3.0"
    "@swc/helpers" "0.5.15"
    baseline-browser-mapping "^2.9.19"
    caniuse-lite "^1.0.30001579"
    postcss "8.5.23"
    styled-jsx "5.1.6"
  optionalDependencies:
    "@next/swc-darwin-arm64" "16.3.0"
    "@next/swc-darwin-x64" "16.3.0"
    "@next/swc-linux-arm64-gnu" "16.3.0"
    "@next/swc-linux-arm64-musl" "16.3.0"
    "@next/swc-linux-x64-gnu" "16.3.0"
    "@next/swc-linux-x64-musl" "16.3.0"
    "@next/swc-win32-arm64-msvc" "16.3.0"
    "@next/swc-win32-x64-msvc" "16.3.0"
    sharp "^0.35.3"

picocolors@^1.1.1:
  version "1.1.1"
  resolved "https://registry.yarnpkg.com/picocolors/-/picocolors-1.1.1.tgz#3d321af3eab939b083c8f929a1d12cda81c26b6b"
  integrity sha512-xceH2snhtb5M9liqDsmEw56le376mTZkEX/jEb/RxNFyegNul7eNslCXP9FDj/Lcu0X8KEyMceP2ntpaHrDEVA==

postcss@8.5.23:
  version "8.5.23"
  resolved "https://registry.yarnpkg.com/postcss/-/postcss-8.5.23.tgz#3493550116f478487298301d2c2e8dc5a56e6594"
  integrity sha512-g50586zr4bZmwFiTlflMu8E0bDTb5I5gertgwAKmsdUlTQIhZtunzUlD1WSzwcVWPoAVpsrA6vlfCD7oXvRwgg==
  dependencies:
    nanoid "^3.3.16"
    picocolors "^1.1.1"
    source-map-js "^1.2.1"

react-dom@^19.2.8:
  version "19.2.8"
  resolved "https://registry.yarnpkg.com/react-dom/-/react-dom-19.2.8.tgz#3b46b9eeda877cdff2cf13d2770fff4ae36c2ec2"
  integrity sha512-rVprimfGBG3DR+Tq0IQG2DT5PxKth1WIGDmj5yPmlzr4YBe7uyE+Du4oVqTDXZSHGGGXRtTJEGSSePyQCMBglQ==
  dependencies:
    scheduler "^0.27.0"

react@^19.2.8:
  version "19.2.8"
  resolved "https://registry.yarnpkg.com/react/-/react-19.2.8.tgz#a80663dbb58d69c6fe3fd291d3cb324e8a7dff2d"
  integrity sha512-PWaYA1L/q9u2u7xYQi+Y3L3Yfnie7XyLeaJICV1MGD6LprsBxcAqGjYyr0eY3p+QdsA+x/Irkt4Qif8D63+Sbw==

resetti@^1.1.3:
  version "1.1.3"
  resolved "https://registry.yarnpkg.com/resetti/-/resetti-1.1.3.tgz#0269be3cd987e902c35d499cd4627b05b581e72b"
  integrity sha512-TFv+aVSdKTk+E6I1FiEId4/zUCOyTjtvlucml3zClHzp9AI+/F2iXwRa/zTBzLX99UTx2qkJygSd3peX5lt8Zg==

scheduler@^0.27.0:
  version "0.27.0"
  resolved "https://registry.yarnpkg.com/scheduler/-/scheduler-0.27.0.tgz#0c4ef82d67d1e5c1e359e8fc76d3a87f045fe5bd"
  integrity sha512-eNv+WrVbKu1f3vbYJT/xtiF5syA5HPIMtf9IgY/nKg0sWqzAUEvqY/xm7OcZc/qafLx/iO9FgOmeSAp4v5ti/Q==

semver@^7.8.5:
  version "7.8.5"
  resolved "https://registry.yarnpkg.com/semver/-/semver-7.8.5.tgz#39b646037dd50c14fb451e7e4cac58ed8b863f69"
  integrity sha512-Y7/KDsb8LjooZpwaqGyulO6DQlksgCncchHGk+sZIY4SBvUocMBEFH5Ur1fI4dV+Jvl0w6cjvucaIi40puRioA==

sharp@^0.35.3:
  version "0.35.3"
  resolved "https://registry.yarnpkg.com/sharp/-/sharp-0.35.3.tgz#41ed21a46406be163eacd0be7b364b42fcf2885f"
  integrity sha512-ej0zVHuZGHCiABXcNxeYhpRnPNPAcvbG8RMdBAhDAxLKkCRVSpK3Iyu7qbqw3JMzoj0REeM6f3tJLtVwl0023Q==
  dependencies:
    "@img/colour" "^1.1.0"
    detect-libc "^2.1.2"
    semver "^7.8.5"
  optionalDependencies:
    "@img/sharp-darwin-arm64" "0.35.3"
    "@img/sharp-darwin-x64" "0.35.3"
    "@img/sharp-freebsd-wasm32" "0.35.3"
    "@img/sharp-libvips-darwin-arm64" "1.3.2"
    "@img/sharp-libvips-darwin-x64" "1.3.2"
    "@img/sharp-libvips-linux-arm" "1.3.2"
    "@img/sharp-libvips-linux-arm64" "1.3.2"
    "@img/sharp-libvips-linux-ppc64" "1.3.2"
    "@img/sharp-libvips-linux-riscv64" "1.3.2"
    "@img/sharp-libvips-linux-s390x" "1.3.2"
    "@img/sharp-libvips-linux-x64" "1.3.2"
    "@img/sharp-libvips-linuxmusl-arm64" "1.3.2"
    "@img/sharp-libvips-linuxmusl-x64" "1.3.2"
    "@img/sharp-linux-arm" "0.35.3"
    "@img/sharp-linux-arm64" "0.35.3"
    "@img/sharp-linux-ppc64" "0.35.3"
    "@img/sharp-linux-riscv64" "0.35.3"
    "@img/sharp-linux-s390x" "0.35.3"
    "@img/sharp-linux-x64" "0.35.3"
    "@img/sharp-linuxmusl-arm64" "0.35.3"
    "@img/sharp-linuxmusl-x64" "0.35.3"
    "@img/sharp-webcontainers-wasm32" "0.35.3"
    "@img/sharp-win32-arm64" "0.35.3"
    "@img/sharp-win32-ia32" "0.35.3"
    "@img/sharp-win32-x64" "0.35.3"

source-map-js@^1.2.1:
  version "1.2.1"
  resolved "https://registry.yarnpkg.com/source-map-js/-/source-map-js-1.2.1.tgz#1ce5650fddd87abc099eda37dcff024c2667ae46"
  integrity sha512-UXWMKhLOwVKb728IUtQPXxfYU+usdybtUrK/8uGE8CQMvrhOpwvzDBwj0QhSL7MQc7vIsISBG8VQ8+IDQxpfQA==

styled-jsx@5.1.6:
  version "5.1.6"
  resolved "https://registry.yarnpkg.com/styled-jsx/-/styled-jsx-5.1.6.tgz#83b90c077e6c6a80f7f5e8781d0f311b2fe41499"
  integrity sha512-qSVyDTeMotdvQYoHWLNGwRFJHC+i+ZvdBRYosOFgC+Wg1vx4frN2/RG/NA7SYqqvKNLf39P2LSRA2pu6n0XYZA==
  dependencies:
    client-only "0.0.1"

tslib@^2.4.0:
  version "2.4.1"
  resolved "https://registry.yarnpkg.com/tslib/-/tslib-2.4.1.tgz#0d0bfbaac2880b91e22df0768e55be9753a5b17e"
  integrity sha512-tGyy4dAjRIEwI7BzsB0lynWgOpfqjUdq91XXAlIWD2OwKBH7oCl/GZG/HT4BOHrTlPMOASlMQ7veyTqpmRcrNA==

tslib@^2.8.0:
  version "2.8.1"
  resolved "https://registry.yarnpkg.com/tslib/-/tslib-2.8.1.tgz#612efe4ed235d567e8aba5f2a5fab70280ade83f"
  integrity sha512-oJFu94HQb+KVduSUQL7wnpmqnfmLsOA/nAh6b6EH0wCEoK0/mPeXU6c3wKDV83MkOuHPRHtSXKKU99IBazS/2w==
